// !$*UTF8*$!
{
	archiveVersion = 1;
	classes = {
	};
	objectVersion = 46;
	objects = {

/* Begin PBXBuildFile section */
		3DC42E5A1C2F910500037970 /* AppDelegate.swift in Sources */ = {isa = PBXBuildFile; fileRef = 3DC42E591C2F910500037970 /* AppDelegate.swift */; };
		3DC42E5F1C2F910500037970 /* Main.storyboard in Resources */ = {isa = PBXBuildFile; fileRef = 3DC42E5D1C2F910500037970 /* Main.storyboard */; };
		3DC42E611C2F910500037970 /* Assets.xcassets in Resources */ = {isa = PBXBuildFile; fileRef = 3DC42E601C2F910500037970 /* Assets.xcassets */; };
		3DC42E641C2F910500037970 /* LaunchScreen.storyboard in Resources */ = {isa = PBXBuildFile; fileRef = 3DC42E621C2F910500037970 /* LaunchScreen.storyboard */; };
		3DC42E6F1C2F910500037970 /* CalculatorCloneTests.swift in Sources */ = {isa = PBXBuildFile; fileRef = 3DC42E6E1C2F910500037970 /* CalculatorCloneTests.swift */; };
		3DC42E7A1C2F910500037970 /* CalculatorCloneUITests.swift in Sources */ = {isa = PBXBuildFile; fileRef = 3DC42E791C2F910500037970 /* CalculatorCloneUITests.swift */; };
		3DC42E881C2F916000037970 /* CalculatorViewController.swift in Sources */ = {isa = PBXBuildFile; fileRef = 3DC42E871C2F916000037970 /* CalculatorViewController.swift */; };
		3DC42F061C2F96D100037970 /* calcsl29@2x.png in Resources */ = {isa = PBXBuildFile; fileRef = 3DC42F011C2F96D100037970 /* calcsl29@2x.png */; };
		3DC42F071C2F96D100037970 /* calcsl29@3x.png in Resources */ = {isa = PBXBuildFile; fileRef = 3DC42F021C2F96D100037970 /* calcsl29@3x.png */; };
		3DC42F081C2F96D100037970 /* calcsl40@2x.png in Resources */ = {isa = PBXBuildFile; fileRef = 3DC42F031C2F96D100037970 /* calcsl40@2x.png */; };
		3DC42F091C2F96D100037970 /* calcsl40@3x.png in Resources */ = {isa = PBXBuildFile; fileRef = 3DC42F041C2F96D100037970 /* calcsl40@3x.png */; };
		3DC42F0A1C2F96D100037970 /* calculator.png in Resources */ = {isa = PBXBuildFile; fileRef = 3DC42F051C2F96D100037970 /* calculator.png */; };
		3DC42F0D1C2F970600037970 /* calc60@2x.png in Resources */ = {isa = PBXBuildFile; fileRef = 3DC42F0B1C2F970600037970 /* calc60@2x.png */; };
		3DC42F0E1C2F970600037970 /* calc60@3x.png in Resources */ = {isa = PBXBuildFile; fileRef = 3DC42F0C1C2F970600037970 /* calc60@3x.png */; };
/* End PBXBuildFile section */

/* Begin PBXContainerItemProxy section */
		3DC42E6B1C2F910500037970 /* PBXContainerItemProxy */ = {
			isa = PBXContainerItemProxy;
			containerPortal = 3DC42E4E1C2F910500037970 /* Project object */;
			proxyType = 1;
			remoteGlobalIDString = 3DC42E551C2F910500037970;
			remoteInfo = CalculatorClone;
		};
		3DC42E761C2F910500037970 /* PBXContainerItemProxy */ = {
			isa = PBXContainerItemProxy;
			containerPortal = 3DC42E4E1C2F910500037970 /* Project object */;
			proxyType = 1;
			remoteGlobalIDString = 3DC42E551C2F910500037970;
			remoteInfo = CalculatorClone;
		};
/* End PBXContainerItemProxy section */

/* Begin PBXFileReference section */
		3DC42E561C2F910500037970 /* CalculatorClone.app */ = {isa = PBXFileReference; explicitFileType = wrapper.application; includeInIndex = 0; path = CalculatorClone.app; sourceTree = BUILT_PRODUCTS_DIR; };
		3DC42E591C2F910500037970 /* AppDelegate.swift */ = {isa = PBXFileReference; lastKnownFileType = sourcecode.swift; path = AppDelegate.swift; sourceTree = "<group>"; };
		3DC42E5E1C2F910500037970 /* Base */ = {isa = PBXFileReference; lastKnownFileType = file.storyboard; name = Base; path = Base.lproj/Main.storyboard; sourceTree = "<group>"; };
		3DC42E601C2F910500037970 /* Assets.xcassets */ = {isa = PBXFileReference; lastKnownFileType = folder.assetcatalog; path = Assets.xcassets; sourceTree = "<group>"; };
		3DC42E631C2F910500037970 /* Base */ = {isa = PBXFileReference; lastKnownFileType = file.storyboard; name = Base; path = Base.lproj/LaunchScreen.storyboard; sourceTree = "<group>"; };
		3DC42E651C2F910500037970 /* Info.plist */ = {isa = PBXFileReference; lastKnownFileType = text.plist.xml; path = Info.plist; sourceTree = "<group>"; };
		3DC42E6A1C2F910500037970 /* CalculatorCloneTests.xctest */ = {isa = PBXFileReference; explicitFileType = wrapper.cfbundle; includeInIndex = 0; path = CalculatorCloneTests.xctest; sourceTree = BUILT_PRODUCTS_DIR; };
		3DC42E6E1C2F910500037970 /* CalculatorCloneTests.swift */ = {isa = PBXFileReference; lastKnownFileType = sourcecode.swift; path = CalculatorCloneTests.swift; sourceTree = "<group>"; };
		3DC42E701C2F910500037970 /* Info.plist */ = {isa = PBXFileReference; lastKnownFileType = text.plist.xml; path = Info.plist; sourceTree = "<group>"; };
		3DC42E751C2F910500037970 /* CalculatorCloneUITests.xctest */ = {isa = PBXFileReference; explicitFileType = wrapper.cfbundle; includeInIndex = 0; path = CalculatorCloneUITests.xctest; sourceTree = BUILT_PRODUCTS_DIR; };
		3DC42E791C2F910500037970 /* CalculatorCloneUITests.swift */ = {isa = PBXFileReference; lastKnownFileType = sourcecode.swift; path = CalculatorCloneUITests.swift; sourceTree = "<group>"; };
		3DC42E7B1C2F910500037970 /* Info.plist */ = {isa = PBXFileReference; lastKnownFileType = text.plist.xml; path = Info.plist; sourceTree = "<group>"; };
		3DC42E871C2F916000037970 /* CalculatorViewController.swift */ = {isa = PBXFileReference; fileEncoding = 4; lastKnownFileType = sourcecode.swift; path = CalculatorViewController.swift; sourceTree = "<group>"; };
		3DC42F011C2F96D100037970 /* calcsl29@2x.png */ = {isa = PBXFileReference; lastKnownFileType = image.png; name = "calcsl29@2x.png"; path = "CalculatorCloneUITests/calcsl29@2x.png"; sourceTree = SOURCE_ROOT; };
		3DC42F021C2F96D100037970 /* calcsl29@3x.png */ = {isa = PBXFileReference; lastKnownFileType = image.png; name = "calcsl29@3x.png"; path = "CalculatorCloneUITests/calcsl29@3x.png"; sourceTree = SOURCE_ROOT; };
		3DC42F031C2F96D100037970 /* calcsl40@2x.png */ = {isa = PBXFileReference; lastKnownFileType = image.png; name = "calcsl40@2x.png"; path = "CalculatorCloneUITests/calcsl40@2x.png"; sourceTree = SOURCE_ROOT; };
		3DC42F041C2F96D100037970 /* calcsl40@3x.png */ = {isa = PBXFileReference; lastKnownFileType = image.png; name = "calcsl40@3x.png"; path = "CalculatorCloneUITests/calcsl40@3x.png"; sourceTree = SOURCE_ROOT; };
		3DC42F051C2F96D100037970 /* calculator.png */ = {isa = PBXFileReference; lastKnownFileType = image.png; name = calculator.png; path = CalculatorCloneUITests/calculator.png; sourceTree = SOURCE_ROOT; };
		3DC42F0B1C2F970600037970 /* calc60@2x.png */ = {isa = PBXFileReference; lastKnownFileType = image.png; path = "calc60@2x.png"; sourceTree = "<group>"; };
		3DC42F0C1C2F970600037970 /* calc60@3x.png */ = {isa = PBXFileReference; lastKnownFileType = image.png; path = "calc60@3x.png"; sourceTree = "<group>"; };
/* End PBXFileReference section */

/* Begin PBXFrameworksBuildPhase section */
		3DC42E531C2F910500037970 /* Frameworks */ = {
			isa = PBXFrameworksBuildPhase;
			buildActionMask = 2147483647;
			files = (
			);
			runOnlyForDeploymentPostprocessing = 0;
		};
		3DC42E671C2F910500037970 /* Frameworks */ = {
			isa = PBXFrameworksBuildPhase;
			buildActionMask = 2147483647;
			files = (
			);
			runOnlyForDeploymentPostprocessing = 0;
		};
		3DC42E721C2F910500037970 /* Frameworks */ = {
			isa = PBXFrameworksBuildPhase;
			buildActionMask = 2147483647;
			files = (
			);
			runOnlyForDeploymentPostprocessing = 0;
		};
/* End PBXFrameworksBuildPhase section */

/* Begin PBXGroup section */
		3DC42E4D1C2F910500037970 = {
			isa = PBXGroup;
			children = (
				3DC42E581C2F910500037970 /* CalculatorClone */,
				3DC42E6D1C2F910500037970 /* CalculatorCloneTests */,
				3DC42E781C2F910500037970 /* CalculatorCloneUITests */,
				3DC42E571C2F910500037970 /* Products */,
			);
			sourceTree = "<group>";
		};
		3DC42E571C2F910500037970 /* Products */ = {
			isa = PBXGroup;
			children = (
				3DC42E561C2F910500037970 /* CalculatorClone.app */,
				3DC42E6A1C2F910500037970 /* CalculatorCloneTests.xctest */,
				3DC42E751C2F910500037970 /* CalculatorCloneUITests.xctest */,
			);
			name = Products;
			sourceTree = "<group>";
		};
		3DC42E581C2F910500037970 /* CalculatorClone */ = {
			isa = PBXGroup;
			children = (
				3DC42E591C2F910500037970 /* AppDelegate.swift */,
				3DC42E871C2F916000037970 /* CalculatorViewController.swift */,
				3DC42E5D1C2F910500037970 /* Main.storyboard */,
				3DC42E601C2F910500037970 /* Assets.xcassets */,
				3DC42E621C2F910500037970 /* LaunchScreen.storyboard */,
				3DC42E651C2F910500037970 /* Info.plist */,
				3DC42F0B1C2F970600037970 /* calc60@2x.png */,
				3DC42F0C1C2F970600037970 /* calc60@3x.png */,
				3DC42F011C2F96D100037970 /* calcsl29@2x.png */,
				3DC42F021C2F96D100037970 /* calcsl29@3x.png */,
				3DC42F031C2F96D100037970 /* calcsl40@2x.png */,
				3DC42F041C2F96D100037970 /* calcsl40@3x.png */,
				3DC42F051C2F96D100037970 /* calculator.png */,
			);
			path = CalculatorClone;
			sourceTree = "<group>";
		};
		3DC42E6D1C2F910500037970 /* CalculatorCloneTests */ = {
			isa = PBXGroup;
			children = (
				3DC42E6E1C2F910500037970 /* CalculatorCloneTests.swift */,
				3DC42E701C2F910500037970 /* Info.plist */,
			);
			path = CalculatorCloneTests;
			sourceTree = "<group>";
		};
		3DC42E781C2F910500037970 /* CalculatorCloneUITests */ = {
			isa = PBXGroup;
			children = (
				3DC42E791C2F910500037970 /* CalculatorCloneUITests.swift */,
				3DC42E7B1C2F910500037970 /* Info.plist */,
			);
			path = CalculatorCloneUITests;
			sourceTree = "<group>";
		};
/* End PBXGroup section */

/* Begin PBXNativeTarget section */
		3DC42E551C2F910500037970 /* CalculatorClone */ = {
			isa = PBXNativeTarget;
			buildConfigurationList = 3DC42E7E1C2F910500037970 /* Build configuration list for PBXNativeTarget "CalculatorClone" */;
			buildPhases = (
				3DC42E521C2F910500037970 /* Sources */,
				3DC42E531C2F910500037970 /* Frameworks */,
				3DC42E541C2F910500037970 /* Resources */,
			);
			buildRules = (
			);
			dependencies = (
			);
			name = CalculatorClone;
			productName = CalculatorClone;
			productReference = 3DC42E561C2F910500037970 /* CalculatorClone.app */;
			productType = "com.apple.product-type.application";
		};
		3DC42E691C2F910500037970 /* CalculatorCloneTests */ = {
			isa = PBXNativeTarget;
			buildConfigurationList = 3DC42E811C2F910500037970 /* Build configuration list for PBXNativeTarget "CalculatorCloneTests" */;
			buildPhases = (
				3DC42E661C2F910500037970 /* Sources */,
				3DC42E671C2F910500037970 /* Frameworks */,
				3DC42E681C2F910500037970 /* Resources */,
			);
			buildRules = (
			);
			dependencies = (
				3DC42E6C1C2F910500037970 /* PBXTargetDependency */,
			);
			name = CalculatorCloneTests;
			productName = CalculatorCloneTests;
			productReference = 3DC42E6A1C2F910500037970 /* CalculatorCloneTests.xctest */;
			productType = "com.apple.product-type.bundle.unit-test";
		};
		3DC42E741C2F910500037970 /* CalculatorCloneUITests */ = {
			isa = PBXNativeTarget;
			buildConfigurationList = 3DC42E841C2F910500037970 /* Build configuration list for PBXNativeTarget "CalculatorCloneUITests" */;
			buildPhases = (
				3DC42E711C2F910500037970 /* Sources */,
				3DC42E721C2F910500037970 /* Frameworks */,
				3DC42E731C2F910500037970 /* Resources */,
			);
			buildRules = (
			);
			dependencies = (
				3DC42E771C2F910500037970 /* PBXTargetDependency */,
			);
			name = CalculatorCloneUITests;
			productName = CalculatorCloneUITests;
			productReference = 3DC42E751C2F910500037970 /* CalculatorCloneUITests.xctest */;
			productType = "com.apple.product-type.bundle.ui-testing";
		};
/* End PBXNativeTarget section */

/* Begin PBXProject section */
		3DC42E4E1C2F910500037970 /* Project object */ = {
			isa = PBXProject;
			attributes = {
				LastSwiftUpdateCheck = 0720;
				LastUpgradeCheck = 0720;
				ORGANIZATIONNAME = "Cynthia Whitlatch";
				TargetAttributes = {
					3DC42E551C2F910500037970 = {
						CreatedOnToolsVersion = 7.2;
					};
					3DC42E691C2F910500037970 = {
						CreatedOnToolsVersion = 7.2;
						TestTargetID = 3DC42E551C2F910500037970;
					};
					3DC42E741C2F910500037970 = {
						CreatedOnToolsVersion = 7.2;
						TestTargetID = 3DC42E551C2F910500037970;
					};
				};
			};
			buildConfigurationList = 3DC42E511C2F910500037970 /* Build configuration list for PBXProject "CalculatorClone" */;
			compatibilityVersion = "Xcode 3.2";
			developmentRegion = English;
			hasScannedForEncodings = 0;
			knownRegions = (
				en,
				Base,
			);
			mainGroup = 3DC42E4D1C2F910500037970;
			productRefGroup = 3DC42E571C2F910500037970 /* Products */;
			projectDirPath = "";
			projectRoot = "";
			targets = (
				3DC42E551C2F910500037970 /* CalculatorClone */,
				3DC42E691C2F910500037970 /* CalculatorCloneTests */,
				3DC42E741C2F910500037970 /* CalculatorCloneUITests */,
			);
		};
/* End PBXProject section */

/* Begin PBXResourcesBuildPhase section */
		3DC42E541C2F910500037970 /* Resources */ = {
			isa = PBXResourcesBuildPhase;
			buildActionMask = 2147483647;
			files = (
				3DC42F0E1C2F970600037970 /* calc60@3x.png in Resources */,
				3DC42E641C2F910500037970 /* LaunchScreen.storyboard in Resources */,
				3DC42E611C2F910500037970 /* Assets.xcassets in Resources */,
				3DC42E5F1C2F910500037970 /* Main.storyboard in Resources */,
				3DC42F0D1C2F970600037970 /* calc60@2x.png in Resources */,
			);
			runOnlyForDeploymentPostprocessing = 0;
		};
		3DC42E681C2F910500037970 /* Resources */ = {
			isa = PBXResourcesBuildPhase;
			buildActionMask = 2147483647;
			files = (
			);
			runOnlyForDeploymentPostprocessing = 0;
		};
		3DC42E731C2F910500037970 /* Resources */ = {
			isa = PBXResourcesBuildPhase;
			buildActionMask = 2147483647;
			files = (
				3DC42F071C2F96D100037970 /* calcsl29@3x.png in Resources */,
				3DC42F081C2F96D100037970 /* calcsl40@2x.png in Resources */,
				3DC42F061C2F96D100037970 /* calcsl29@2x.png in Resources */,
				3DC42F0A1C2F96D100037970 /* calculator.png in Resources */,
				3DC42F091C2F96D100037970 /* calcsl40@3x.png in Resources */,
			);
			runOnlyForDeploymentPostprocessing = 0;
		};
/* End PBXResourcesBuildPhase section */

/* Begin PBXSourcesBuildPhase section */
		3DC42E521C2F910500037970 /* Sources */ = {
			isa = PBXSourcesBuildPhase;
			buildActionMask = 2147483647;
			files = (
				3DC42E881C2F916000037970 /* CalculatorViewController.swift in Sources */,
				3DC42E5A1C2F910500037970 /* AppDelegate.swift in Sources */,
			);
			runOnlyForDeploymentPostprocessing = 0;
		};
		3DC42E661C2F910500037970 /* Sources */ = {
			isa = PBXSourcesBuildPhase;
			buildActionMask = 2147483647;
			files = (
				3DC42E6F1C2F910500037970 /* CalculatorCloneTests.swift in Sources */,
			);
			runOnlyForDeploymentPostprocessing = 0;
		};
		3DC42E711C2F910500037970 /* Sources */ = {
			isa = PBXSourcesBuildPhase;
			buildActionMask = 2147483647;
			files = (
				3DC42E7A1C2F910500037970 /* CalculatorCloneUITests.swift in Sources */,
			);
			runOnlyForDeploymentPostprocessing = 0;
		};
/* End PBXSourcesBuildPhase section */

/* Begin PBXTargetDependency section */
		3DC42E6C1C2F910500037970 /* PBXTargetDependency */ = {
			isa = PBXTargetDependency;
			target = 3DC42E551C2F910500037970 /* CalculatorClone */;
			targetProxy = 3DC42E6B1C2F910500037970 /* PBXContainerItemProxy */;
		};
		3DC42E771C2F910500037970 /* PBXTargetDependency */ = {
			isa = PBXTargetDependency;
			target = 3DC42E551C2F910500037970 /* CalculatorClone */;
			targetProxy = 3DC42E761C2F910500037970 /* PBXContainerItemProxy */;
		};
/* End PBXTargetDependency section */

/* Begin PBXVariantGroup section */
		3DC42E5D1C2F910500037970 /* Main.storyboard */ = {
			isa = PBXVariantGroup;
			children = (
				3DC42E5E1C2F910500037970 /* Base */,
			);
			name = Main.storyboard;
			sourceTree = "<group>";
		};
		3DC42E621C2F910500037970 /* LaunchScreen.storyboard */ = {
			isa = PBXVariantGroup;
			children = (
				3DC42E631C2F910500037970 /* Base */,
			);
			name = LaunchScreen.storyboard;
			sourceTree = "<group>";
		};
/* End PBXVariantGroup section */

/* Begin XCBuildConfiguration section */
		3DC42E7C1C2F910500037970 /* Debug */ = {
			isa = XCBuildConfiguration;
			buildSettings = {
				ALWAYS_SEARCH_USER_PATHS = NO;
				CLANG_CXX_LANGUAGE_STANDARD = "gnu++0x";
				CLANG_CXX_LIBRARY = "libc++";
				CLANG_ENABLE_MODULES = YES;
				CLANG_ENABLE_OBJC_ARC = YES;
				CLANG_WARN_BOOL_CONVERSION = YES;
				CLANG_WARN_CONSTANT_CONVERSION = YES;
				CLANG_WARN_DIRECT_OBJC_ISA_USAGE = YES_ERROR;
				CLANG_WARN_EMPTY_BODY = YES;
				CLANG_WARN_ENUM_CONVERSION = YES;
				CLANG_WARN_INT_CONVERSION = YES;
				CLANG_WARN_OBJC_ROOT_CLASS = YES_ERROR;
				CLANG_WARN_UNREACHABLE_CODE = YES;
				CLANG_WARN__DUPLICATE_METHOD_MATCH = YES;
				"CODE_SIGN_IDENTITY[sdk=iphoneos*]" = "iPhone Developer";
				COPY_PHASE_STRIP = NO;
				DEBUG_INFORMATION_FORMAT = dwarf;
				ENABLE_STRICT_OBJC_MSGSEND = YES;
				ENABLE_TESTABILITY = YES;
				GCC_C_LANGUAGE_STANDARD = gnu99;
				GCC_DYNAMIC_NO_PIC = NO;
				GCC_NO_COMMON_BLOCKS = YES;
				GCC_OPTIMIZATION_LEVEL = 0;
				GCC_PREPROCESSOR_DEFINITIONS = (
					"DEBUG=1",
					"$(inherited)",
				);
				GCC_WARN_64_TO_32_BIT_CONVERSION = YES;
				GCC_WARN_ABOUT_RETURN_TYPE = YES_ERROR;
				GCC_WARN_UNDECLARED_SELECTOR = YES;
				GCC_WARN_UNINITIALIZED_AUTOS = YES_AGGRESSIVE;
				GCC_WARN_UNUSED_FUNCTION = YES;
				GCC_WARN_UNUSED_VARIABLE = YES;
				IPHONEOS_DEPLOYMENT_TARGET = 9.2;
				MTL_ENABLE_DEBUG_INFO = YES;
				ONLY_ACTIVE_ARCH = YES;
				SDKROOT = iphoneos;
				SWIFT_OPTIMIZATION_LEVEL = "-Onone";
				TARGETED_DEVICE_FAMILY = "1,2";
			};
			name = Debug;
		};
		3DC42E7D1C2F910500037970 /* Release */ = {
			isa = XCBuildConfiguration;
			buildSettings = {
				ALWAYS_SEARCH_USER_PATHS = NO;
				CLANG_CXX_LANGUAGE_STANDARD = "gnu++0x";
				CLANG_CXX_LIBRARY = "libc++";
				CLANG_ENABLE_MODULES = YES;
				CLANG_ENABLE_OBJC_ARC = YES;
				CLANG_WARN_BOOL_CONVERSION = YES;
				CLANG_WARN_CONSTANT_CONVERSION = YES;
				CLANG_WARN_DIRECT_OBJC_ISA_USAGE = YES_ERROR;
				CLANG_WARN_EMPTY_BODY = YES;
				CLANG_WARN_ENUM_CONVERSION = YES;
				CLANG_WARN_INT_CONVERSION = YES;
				CLANG_WARN_OBJC_ROOT_CLASS = YES_ERROR;
				CLANG_WARN_UNREACHABLE_CODE = YES;
				CLANG_WARN__DUPLICATE_METHOD_MATCH = YES;
				"CODE_SIGN_IDENTITY[sdk=iphoneos*]" = "iPhone Developer";
				COPY_PHASE_STRIP = NO;
				DEBUG_INFORMATION_FORMAT = "dwarf-with-dsym";
				ENABLE_NS_ASSERTIONS = NO;
				ENABLE_STRICT_OBJC_MSGSEND = YES;
				GCC_C_LANGUAGE_STANDARD = gnu99;
				GCC_NO_COMMON_BLOCKS = YES;
				GCC_WARN_64_TO_32_BIT_CONVERSION = YES;
				GCC_WARN_ABOUT_RETURN_TYPE = YES_ERROR;
				GCC_WARN_UNDECLARED_SELECTOR = YES;
				GCC_WARN_UNINITIALIZED_AUTOS = YES_AGGRESSIVE;
				GCC_WARN_UNUSED_FUNCTION = YES;
				GCC_WARN_UNUSED_VARIABLE = YES;
				IPHONEOS_DEPLOYMENT_TARGET = 9.2;
				MTL_ENABLE_DEBUG_INFO = NO;
				SDKROOT = iphoneos;
				TARGETED_DEVICE_FAMILY = "1,2";
				VALIDATE_PRODUCT = YES;
			};
			name = Release;
		};
		3DC42E7F1C2F910500037970 /* Debug */ = {
			isa = XCBuildConfiguration;
			buildSettings = {
				ASSETCATALOG_COMPILER_APPICON_NAME = AppIcon;
				INFOPLIST_FILE = CalculatorClone/Info.plist;
				LD_RUNPATH_SEARCH_PATHS = "$(inherited) @executable_path/Frameworks";
				PRODUCT_BUNDLE_IDENTIFIER = com.cynthia.whitlatch.CalculatorClone;
				PRODUCT_NAME = "$(TARGET_NAME)";
			};
			name = Debug;
		};
		3DC42E801C2F910500037970 /* Release */ = {
			isa = XCBuildConfiguration;
			buildSettings = {
				ASSETCATALOG_COMPILER_APPICON_NAME = AppIcon;
				INFOPLIST_FILE = CalculatorClone/Info.plist;
				LD_RUNPATH_SEARCH_PATHS = "$(inherited) @executable_path/Frameworks";
				PRODUCT_BUNDLE_IDENTIFIER = com.cynthia.whitlatch.CalculatorClone;
				PRODUCT_NAME = "$(TARGET_NAME)";
			};
			name = Release;
		};
		3DC42E821C2F910500037970 /* Debug */ = {
			isa = XCBuildConfiguration;
			buildSettings = {
				BUNDLE_LOADER = "$(TEST_HOST)";
				INFOPLIST_FILE = CalculatorCloneTests/Info.plist;
				LD_RUNPATH_SEARCH_PATHS = "$(inherited) @executable_path/Frameworks @loader_path/Frameworks";
				PRODUCT_BUNDLE_IDENTIFIER = com.cynthia.whitlatch.CalculatorCloneTests;
				PRODUCT_NAME = "$(TARGET_NAME)";
				TEST_HOST = "$(BUILT_PRODUCTS_DIR)/CalculatorClone.app/CalculatorClone";
			};
			name = Debug;
		};
		3DC42E831C2F910500037970 /* Release */ = {
			isa = XCBuildConfiguration;
			buildSettings = {
				BUNDLE_LOADER = "$(TEST_HOST)";
				INFOPLIST_FILE = CalculatorCloneTests/Info.plist;
				LD_RUNPATH_SEARCH_PATHS = "$(inherited) @executable_path/Frameworks @loader_path/Frameworks";
				PRODUCT_BUNDLE_IDENTIFIER = com.cynthia.whitlatch.CalculatorCloneTests;
				PRODUCT_NAME = "$(TARGET_NAME)";
				TEST_HOST = "$(BUILT_PRODUCTS_DIR)/CalculatorClone.app/CalculatorClone";
			};
			name = Release;
		};
		3DC42E851C2F910500037970 /* Debug */ = {
			isa = XCBuildConfiguration;
			buildSettings = {
				INFOPLIST_FILE = CalculatorCloneUITests/Info.plist;
				LD_RUNPATH_SEARCH_PATHS = "$(inherited) @executable_path/Frameworks @loader_path/Frameworks";
				PRODUCT_BUNDLE_IDENTIFIER = com.cynthia.whitlatch.CalculatorCloneUITests;
				PRODUCT_NAME = "$(TARGET_NAME)";
				TEST_TARGET_NAME = CalculatorClone;
				USES_XCTRUNNER = YES;
			};
			name = Debug;
		};
		3DC42E861C2F910500037970 /* Release */ = {
			isa = XCBuildConfiguration;
			buildSettings = {
				INFOPLIST_FILE = CalculatorCloneUITests/Info.plist;
				LD_RUNPATH_SEARCH_PATHS = "$(inherited) @executable_path/Frameworks @loader_path/Frameworks";
				PRODUCT_BUNDLE_IDENTIFIER = com.cynthia.whitlatch.CalculatorCloneUITests;
				PRODUCT_NAME = "$(TARGET_NAME)";
				TEST_TARGET_NAME = CalculatorClone;
				USES_XCTRUNNER = YES;
			};
			name = Release;
		};
/* End XCBuildConfiguration section */

/* Begin XCConfigurationList section */
		3DC42E511C2F910500037970 /* Build configuration list for PBXProject "CalculatorClone" */ = {
			isa = XCConfigurationList;
			buildConfigurations = (
				3DC42E7C1C2F910500037970 /* Debug */,
				3DC42E7D1C2F910500037970 /* Release */,
			);
			defaultConfigurationIsVisible = 0;
			defaultConfigurationName = Release;
		};
		3DC42E7E1C2F910500037970 /* Build configuration list for PBXNativeTarget "CalculatorClone" */ = {
			isa = XCConfigurationList;
			buildConfigurations = (
				3DC42E7F1C2F910500037970 /* Debug */,
				3DC42E801C2F910500037970 /* Release */,
			);
			defaultConfigurationIsVisible = 0;
			defaultConfigurationName = Release;
		};
		3DC42E811C2F910500037970 /* Build configuration list for PBXNativeTarget "CalculatorCloneTests" */ = {
			isa = XCConfigurationList;
			buildConfigurations = (
				3DC42E821C2F910500037970 /* Debug */,
				3DC42E831C2F910500037970 /* Release */,
			);
			defaultConfigurationIsVisible = 0;
			defaultConfigurationName = Release;
		};
		3DC42E841C2F910500037970 /* Build configuration list for PBXNativeTarget "CalculatorCloneUITests" */ = {
			isa = XCConfigurationList;
			buildConfigurations = (
				3DC42E851C2F910500037970 /* Debug */,
				3DC42E861C2F910500037970 /* Release */,
			);
			defaultConfigurationIsVisible = 0;
			defaultConfigurationName = Release;
		};
/* End XCConfigurationList section */
	};
	rootObject = 3DC42E4E1C2F910500037970 /* Project object */;
}
